// !$*UTF8*$!
{
	archiveVersion = 1;
	classes = {
	};
	objectVersion = 46;
	objects = {

/* Begin PBXBuildFile section */
		291EE1871D907A1700C65055 /* main.m in Sources */ = {isa = PBXBuildFile; fileRef = 291EE1861D907A1700C65055 /* main.m */; };
		291EE18A1D907A1700C65055 /* AppDelegate.m in Sources */ = {isa = PBXBuildFile; fileRef = 291EE1891D907A1700C65055 /* AppDelegate.m */; };
		291EE18D1D907A1700C65055 /* ViewController.m in Sources */ = {isa = PBXBuildFile; fileRef = 291EE18C1D907A1700C65055 /* ViewController.m */; };
		291EE1901D907A1700C65055 /* Main.storyboard in Resources */ = {isa = PBXBuildFile; fileRef = 291EE18E1D907A1700C65055 /* Main.storyboard */; };
		291EE1921D907A1700C65055 /* Assets.xcassets in Resources */ = {isa = PBXBuildFile; fileRef = 291EE1911D907A1700C65055 /* Assets.xcassets */; };
		291EE1951D907A1700C65055 /* LaunchScreen.storyboard in Resources */ = {isa = PBXBuildFile; fileRef = 291EE1931D907A1700C65055 /* LaunchScreen.storyboard */; };
		291EE1A01D907A1700C65055 /* NotieTests.m in Sources */ = {isa = PBXBuildFile; fileRef = 291EE19F1D907A1700C65055 /* NotieTests.m */; };
		291EE1AB1D907A1700C65055 /* NotieUITests.m in Sources */ = {isa = PBXBuildFile; fileRef = 291EE1AA1D907A1700C65055 /* NotieUITests.m */; };
		291EE1BA1D907B3000C65055 /* DecideViewController.m in Sources */ = {isa = PBXBuildFile; fileRef = 291EE1B91D907B3000C65055 /* DecideViewController.m */; };
		29DAB4A21D94166800AE0178 /* LoginViewController.m in Sources */ = {isa = PBXBuildFile; fileRef = 29DAB4A11D94166800AE0178 /* LoginViewController.m */; };
		29DAB4A51D94167200AE0178 /* RegisterViewController.m in Sources */ = {isa = PBXBuildFile; fileRef = 29DAB4A41D94167200AE0178 /* RegisterViewController.m */; };
		29DAB4A81D9417B400AE0178 /* InfoViewController.m in Sources */ = {isa = PBXBuildFile; fileRef = 29DAB4A71D9417B400AE0178 /* InfoViewController.m */; };
		29DAB4AD1D94267C00AE0178 /* A0SimpleKeychain.m in Sources */ = {isa = PBXBuildFile; fileRef = 29DAB4AA1D94267C00AE0178 /* A0SimpleKeychain.m */; };
		29DAB4AE1D94267C00AE0178 /* A0SimpleKeychain+KeyPair.m in Sources */ = {isa = PBXBuildFile; fileRef = 29DAB4AC1D94267C00AE0178 /* A0SimpleKeychain+KeyPair.m */; };
		29DAB4BA1D9452E200AE0178 /* MLInputDodger.bundle in Resources */ = {isa = PBXBuildFile; fileRef = 29DAB4B11D9452E200AE0178 /* MLInputDodger.bundle */; };
		29DAB4BB1D9452E200AE0178 /* MLInputDodger.m in Sources */ = {isa = PBXBuildFile; fileRef = 29DAB4B31D9452E200AE0178 /* MLInputDodger.m */; };
		29DAB4BC1D9452E200AE0178 /* MLInputDodgerRetractView.m in Sources */ = {isa = PBXBuildFile; fileRef = 29DAB4B51D9452E200AE0178 /* MLInputDodgerRetractView.m */; };
		29DAB4BD1D9452E200AE0178 /* UIScrollView+MLInputDodger.m in Sources */ = {isa = PBXBuildFile; fileRef = 29DAB4B71D9452E200AE0178 /* UIScrollView+MLInputDodger.m */; };
		29DAB4BE1D9452E200AE0178 /* UIView+MLInputDodger.m in Sources */ = {isa = PBXBuildFile; fileRef = 29DAB4B91D9452E200AE0178 /* UIView+MLInputDodger.m */; };
/* End PBXBuildFile section */

/* Begin PBXContainerItemProxy section */
		291EE19C1D907A1700C65055 /* PBXContainerItemProxy */ = {
			isa = PBXContainerItemProxy;
			containerPortal = 291EE17A1D907A1700C65055 /* Project object */;
			proxyType = 1;
			remoteGlobalIDString = 291EE1811D907A1700C65055;
			remoteInfo = Notie;
		};
		291EE1A71D907A1700C65055 /* PBXContainerItemProxy */ = {
			isa = PBXContainerItemProxy;
			containerPortal = 291EE17A1D907A1700C65055 /* Project object */;
			proxyType = 1;
			remoteGlobalIDString = 291EE1811D907A1700C65055;
			remoteInfo = Notie;
		};
/* End PBXContainerItemProxy section */

/* Begin PBXFileReference section */
		291EE1821D907A1700C65055 /* Notie.app */ = {isa = PBXFileReference; explicitFileType = wrapper.application; includeInIndex = 0; path = Notie.app; sourceTree = BUILT_PRODUCTS_DIR; };
		291EE1861D907A1700C65055 /* main.m */ = {isa = PBXFileReference; lastKnownFileType = sourcecode.c.objc; path = main.m; sourceTree = "<group>"; };
		291EE1881D907A1700C65055 /* AppDelegate.h */ = {isa = PBXFileReference; lastKnownFileType = sourcecode.c.h; path = AppDelegate.h; sourceTree = "<group>"; };
		291EE1891D907A1700C65055 /* AppDelegate.m */ = {isa = PBXFileReference; lastKnownFileType = sourcecode.c.objc; path = AppDelegate.m; sourceTree = "<group>"; };
		291EE18B1D907A1700C65055 /* ViewController.h */ = {isa = PBXFileReference; lastKnownFileType = sourcecode.c.h; path = ViewController.h; sourceTree = "<group>"; };
		291EE18C1D907A1700C65055 /* ViewController.m */ = {isa = PBXFileReference; lastKnownFileType = sourcecode.c.objc; path = ViewController.m; sourceTree = "<group>"; };
		291EE18F1D907A1700C65055 /* Base */ = {isa = PBXFileReference; lastKnownFileType = file.storyboard; name = Base; path = Base.lproj/Main.storyboard; sourceTree = "<group>"; };
		291EE1911D907A1700C65055 /* Assets.xcassets */ = {isa = PBXFileReference; lastKnownFileType = folder.assetcatalog; path = Assets.xcassets; sourceTree = "<group>"; };
		291EE1941D907A1700C65055 /* Base */ = {isa = PBXFileReference; lastKnownFileType = file.storyboard; name = Base; path = Base.lproj/LaunchScreen.storyboard; sourceTree = "<group>"; };
		291EE1961D907A1700C65055 /* Info.plist */ = {isa = PBXFileReference; lastKnownFileType = text.plist.xml; path = Info.plist; sourceTree = "<group>"; };
		291EE19B1D907A1700C65055 /* NotieTests.xctest */ = {isa = PBXFileReference; explicitFileType = wrapper.cfbundle; includeInIndex = 0; path = NotieTests.xctest; sourceTree = BUILT_PRODUCTS_DIR; };
		291EE19F1D907A1700C65055 /* NotieTests.m */ = {isa = PBXFileReference; lastKnownFileType = sourcecode.c.objc; path = NotieTests.m; sourceTree = "<group>"; };
		291EE1A11D907A1700C65055 /* Info.plist */ = {isa = PBXFileReference; lastKnownFileType = text.plist.xml; path = Info.plist; sourceTree = "<group>"; };
		291EE1A61D907A1700C65055 /* NotieUITests.xctest */ = {isa = PBXFileReference; explicitFileType = wrapper.cfbundle; includeInIndex = 0; path = NotieUITests.xctest; sourceTree = BUILT_PRODUCTS_DIR; };
		291EE1AA1D907A1700C65055 /* NotieUITests.m */ = {isa = PBXFileReference; lastKnownFileType = sourcecode.c.objc; path = NotieUITests.m; sourceTree = "<group>"; };
		291EE1AC1D907A1700C65055 /* Info.plist */ = {isa = PBXFileReference; lastKnownFileType = text.plist.xml; path = Info.plist; sourceTree = "<group>"; };
		291EE1B81D907B3000C65055 /* DecideViewController.h */ = {isa = PBXFileReference; fileEncoding = 4; lastKnownFileType = sourcecode.c.h; path = DecideViewController.h; sourceTree = "<group>"; };
		291EE1B91D907B3000C65055 /* DecideViewController.m */ = {isa = PBXFileReference; fileEncoding = 4; lastKnownFileType = sourcecode.c.objc; path = DecideViewController.m; sourceTree = "<group>"; };
		29DAB4A01D94166800AE0178 /* LoginViewController.h */ = {isa = PBXFileReference; fileEncoding = 4; lastKnownFileType = sourcecode.c.h; path = LoginViewController.h; sourceTree = "<group>"; };
		29DAB4A11D94166800AE0178 /* LoginViewController.m */ = {isa = PBXFileReference; fileEncoding = 4; lastKnownFileType = sourcecode.c.objc; path = LoginViewController.m; sourceTree = "<group>"; };
		29DAB4A31D94167200AE0178 /* RegisterViewController.h */ = {isa = PBXFileReference; fileEncoding = 4; lastKnownFileType = sourcecode.c.h; path = RegisterViewController.h; sourceTree = "<group>"; };
		29DAB4A41D94167200AE0178 /* RegisterViewController.m */ = {isa = PBXFileReference; fileEncoding = 4; lastKnownFileType = sourcecode.c.objc; path = RegisterViewController.m; sourceTree = "<group>"; };
		29DAB4A61D9417B400AE0178 /* InfoViewController.h */ = {isa = PBXFileReference; fileEncoding = 4; lastKnownFileType = sourcecode.c.h; path = InfoViewController.h; sourceTree = "<group>"; };
		29DAB4A71D9417B400AE0178 /* InfoViewController.m */ = {isa = PBXFileReference; fileEncoding = 4; lastKnownFileType = sourcecode.c.objc; path = InfoViewController.m; sourceTree = "<group>"; };
		29DAB4A91D94267C00AE0178 /* A0SimpleKeychain.h */ = {isa = PBXFileReference; fileEncoding = 4; lastKnownFileType = sourcecode.c.h; path = A0SimpleKeychain.h; sourceTree = "<group>"; };
		29DAB4AA1D94267C00AE0178 /* A0SimpleKeychain.m */ = {isa = PBXFileReference; fileEncoding = 4; lastKnownFileType = sourcecode.c.objc; path = A0SimpleKeychain.m; sourceTree = "<group>"; };
		29DAB4AB1D94267C00AE0178 /* A0SimpleKeychain+KeyPair.h */ = {isa = PBXFileReference; fileEncoding = 4; lastKnownFileType = sourcecode.c.h; path = "A0SimpleKeychain+KeyPair.h"; sourceTree = "<group>"; };
		29DAB4AC1D94267C00AE0178 /* A0SimpleKeychain+KeyPair.m */ = {isa = PBXFileReference; fileEncoding = 4; lastKnownFileType = sourcecode.c.objc; path = "A0SimpleKeychain+KeyPair.m"; sourceTree = "<group>"; };
		29DAB4B01D94296800AE0178 /* Notie.entitlements */ = {isa = PBXFileReference; lastKnownFileType = text.plist.entitlements; path = Notie.entitlements; sourceTree = "<group>"; };
		29DAB4B11D9452E200AE0178 /* MLInputDodger.bundle */ = {isa = PBXFileReference; lastKnownFileType = "wrapper.plug-in"; path = MLInputDodger.bundle; sourceTree = "<group>"; };
		29DAB4B21D9452E200AE0178 /* MLInputDodger.h */ = {isa = PBXFileReference; fileEncoding = 4; lastKnownFileType = sourcecode.c.h; path = MLInputDodger.h; sourceTree = "<group>"; };
		29DAB4B31D9452E200AE0178 /* MLInputDodger.m */ = {isa = PBXFileReference; fileEncoding = 4; lastKnownFileType = sourcecode.c.objc; path = MLInputDodger.m; sourceTree = "<group>"; };
		29DAB4B41D9452E200AE0178 /* MLInputDodgerRetractView.h */ = {isa = PBXFileReference; fileEncoding = 4; lastKnownFileType = sourcecode.c.h; path = MLInputDodgerRetractView.h; sourceTree = "<group>"; };
		29DAB4B51D9452E200AE0178 /* MLInputDodgerRetractView.m */ = {isa = PBXFileReference; fileEncoding = 4; lastKnownFileType = sourcecode.c.objc; path = MLInputDodgerRetractView.m; sourceTree = "<group>"; };
		29DAB4B61D9452E200AE0178 /* UIScrollView+MLInputDodger.h */ = {isa = PBXFileReference; fileEncoding = 4; lastKnownFileType = sourcecode.c.h; path = "UIScrollView+MLInputDodger.h"; sourceTree = "<group>"; };
		29DAB4B71D9452E200AE0178 /* UIScrollView+MLInputDodger.m */ = {isa = PBXFileReference; fileEncoding = 4; lastKnownFileType = sourcecode.c.objc; path = "UIScrollView+MLInputDodger.m"; sourceTree = "<group>"; };
		29DAB4B81D9452E200AE0178 /* UIView+MLInputDodger.h */ = {isa = PBXFileReference; fileEncoding = 4; lastKnownFileType = sourcecode.c.h; path = "UIView+MLInputDodger.h"; sourceTree = "<group>"; };
		29DAB4B91D9452E200AE0178 /* UIView+MLInputDodger.m */ = {isa = PBXFileReference; fileEncoding = 4; lastKnownFileType = sourcecode.c.objc; path = "UIView+MLInputDodger.m"; sourceTree = "<group>"; };
/* End PBXFileReference section */

/* Begin PBXFrameworksBuildPhase section */
		291EE17F1D907A1700C65055 /* Frameworks */ = {
			isa = PBXFrameworksBuildPhase;
			buildActionMask = 2147483647;
			files = (
			);
			runOnlyForDeploymentPostprocessing = 0;
		};
		291EE1981D907A1700C65055 /* Frameworks */ = {
			isa = PBXFrameworksBuildPhase;
			buildActionMask = 2147483647;
			files = (
			);
			runOnlyForDeploymentPostprocessing = 0;
		};
		291EE1A31D907A1700C65055 /* Frameworks */ = {
			isa = PBXFrameworksBuildPhase;
			buildActionMask = 2147483647;
			files = (
			);
			runOnlyForDeploymentPostprocessing = 0;
		};
/* End PBXFrameworksBuildPhase section */

/* Begin PBXGroup section */
		291EE1791D907A1700C65055 = {
			isa = PBXGroup;
			children = (
				291EE1841D907A1700C65055 /* Notie */,
				291EE19E1D907A1700C65055 /* NotieTests */,
				291EE1A91D907A1700C65055 /* NotieUITests */,
				291EE1831D907A1700C65055 /* Products */,
			);
			sourceTree = "<group>";
		};
		291EE1831D907A1700C65055 /* Products */ = {
			isa = PBXGroup;
			children = (
				291EE1821D907A1700C65055 /* Notie.app */,
				291EE19B1D907A1700C65055 /* NotieTests.xctest */,
				291EE1A61D907A1700C65055 /* NotieUITests.xctest */,
			);
			name = Products;
			sourceTree = "<group>";
		};
		291EE1841D907A1700C65055 /* Notie */ = {
			isa = PBXGroup;
			children = (
				29DAB4B01D94296800AE0178 /* Notie.entitlements */,
				291EE1881D907A1700C65055 /* AppDelegate.h */,
				291EE1891D907A1700C65055 /* AppDelegate.m */,
				291EE18B1D907A1700C65055 /* ViewController.h */,
				291EE18C1D907A1700C65055 /* ViewController.m */,
				291EE1B81D907B3000C65055 /* DecideViewController.h */,
				291EE1B91D907B3000C65055 /* DecideViewController.m */,
				29DAB4A01D94166800AE0178 /* LoginViewController.h */,
				29DAB4A11D94166800AE0178 /* LoginViewController.m */,
				29DAB4A31D94167200AE0178 /* RegisterViewController.h */,
				29DAB4A41D94167200AE0178 /* RegisterViewController.m */,
				29DAB4A61D9417B400AE0178 /* InfoViewController.h */,
				29DAB4A71D9417B400AE0178 /* InfoViewController.m */,
				29DAB4BF1D9452E800AE0178 /* MLInputDodger */,
				29DAB4AF1D94268200AE0178 /* KeychainWrapper */,
				291EE18E1D907A1700C65055 /* Main.storyboard */,
				291EE1911D907A1700C65055 /* Assets.xcassets */,
				291EE1931D907A1700C65055 /* LaunchScreen.storyboard */,
				291EE1961D907A1700C65055 /* Info.plist */,
				291EE1851D907A1700C65055 /* Supporting Files */,
			);
			path = Notie;
			sourceTree = "<group>";
		};
		291EE1851D907A1700C65055 /* Supporting Files */ = {
			isa = PBXGroup;
			children = (
				291EE1861D907A1700C65055 /* main.m */,
			);
			name = "Supporting Files";
			sourceTree = "<group>";
		};
		291EE19E1D907A1700C65055 /* NotieTests */ = {
			isa = PBXGroup;
			children = (
				291EE19F1D907A1700C65055 /* NotieTests.m */,
				291EE1A11D907A1700C65055 /* Info.plist */,
			);
			path = NotieTests;
			sourceTree = "<group>";
		};
		291EE1A91D907A1700C65055 /* NotieUITests */ = {
			isa = PBXGroup;
			children = (
				291EE1AA1D907A1700C65055 /* NotieUITests.m */,
				291EE1AC1D907A1700C65055 /* Info.plist */,
			);
			path = NotieUITests;
			sourceTree = "<group>";
		};
		29DAB4AF1D94268200AE0178 /* KeychainWrapper */ = {
			isa = PBXGroup;
			children = (
				29DAB4A91D94267C00AE0178 /* A0SimpleKeychain.h */,
				29DAB4AA1D94267C00AE0178 /* A0SimpleKeychain.m */,
				29DAB4AB1D94267C00AE0178 /* A0SimpleKeychain+KeyPair.h */,
				29DAB4AC1D94267C00AE0178 /* A0SimpleKeychain+KeyPair.m */,
			);
			name = KeychainWrapper;
			sourceTree = "<group>";
		};
		29DAB4BF1D9452E800AE0178 /* MLInputDodger */ = {
			isa = PBXGroup;
			children = (
				29DAB4B11D9452E200AE0178 /* MLInputDodger.bundle */,
				29DAB4B21D9452E200AE0178 /* MLInputDodger.h */,
				29DAB4B31D9452E200AE0178 /* MLInputDodger.m */,
				29DAB4B41D9452E200AE0178 /* MLInputDodgerRetractView.h */,
				29DAB4B51D9452E200AE0178 /* MLInputDodgerRetractView.m */,
				29DAB4B61D9452E200AE0178 /* UIScrollView+MLInputDodger.h */,
				29DAB4B71D9452E200AE0178 /* UIScrollView+MLInputDodger.m */,
				29DAB4B81D9452E200AE0178 /* UIView+MLInputDodger.h */,
				29DAB4B91D9452E200AE0178 /* UIView+MLInputDodger.m */,
			);
			name = MLInputDodger;
			sourceTree = "<group>";
		};
/* End PBXGroup section */

/* Begin PBXNativeTarget section */
		291EE1811D907A1700C65055 /* Notie */ = {
			isa = PBXNativeTarget;
			buildConfigurationList = 291EE1AF1D907A1700C65055 /* Build configuration list for PBXNativeTarget "Notie" */;
			buildPhases = (
				291EE17E1D907A1700C65055 /* Sources */,
				291EE17F1D907A1700C65055 /* Frameworks */,
				291EE1801D907A1700C65055 /* Resources */,
			);
			buildRules = (
			);
			dependencies = (
			);
			name = Notie;
			productName = Notie;
			productReference = 291EE1821D907A1700C65055 /* Notie.app */;
			productType = "com.apple.product-type.application";
		};
		291EE19A1D907A1700C65055 /* NotieTests */ = {
			isa = PBXNativeTarget;
			buildConfigurationList = 291EE1B21D907A1700C65055 /* Build configuration list for PBXNativeTarget "NotieTests" */;
			buildPhases = (
				291EE1971D907A1700C65055 /* Sources */,
				291EE1981D907A1700C65055 /* Frameworks */,
				291EE1991D907A1700C65055 /* Resources */,
			);
			buildRules = (
			);
			dependencies = (
				291EE19D1D907A1700C65055 /* PBXTargetDependency */,
			);
			name = NotieTests;
			productName = NotieTests;
			productReference = 291EE19B1D907A1700C65055 /* NotieTests.xctest */;
			productType = "com.apple.product-type.bundle.unit-test";
		};
		291EE1A51D907A1700C65055 /* NotieUITests */ = {
			isa = PBXNativeTarget;
			buildConfigurationList = 291EE1B51D907A1700C65055 /* Build configuration list for PBXNativeTarget "NotieUITests" */;
			buildPhases = (
				291EE1A21D907A1700C65055 /* Sources */,
				291EE1A31D907A1700C65055 /* Frameworks */,
				291EE1A41D907A1700C65055 /* Resources */,
			);
			buildRules = (
			);
			dependencies = (
				291EE1A81D907A1700C65055 /* PBXTargetDependency */,
			);
			name = NotieUITests;
			productName = NotieUITests;
			productReference = 291EE1A61D907A1700C65055 /* NotieUITests.xctest */;
			productType = "com.apple.product-type.bundle.ui-testing";
		};
/* End PBXNativeTarget section */

/* Begin PBXProject section */
		291EE17A1D907A1700C65055 /* Project object */ = {
			isa = PBXProject;
			attributes = {
				LastUpgradeCheck = 0730;
				ORGANIZATIONNAME = Emersad;
				TargetAttributes = {
					291EE1811D907A1700C65055 = {
						CreatedOnToolsVersion = 7.3;
						DevelopmentTeam = R32459M72F;
						SystemCapabilities = {
							com.apple.Keychain = {
								enabled = 1;
							};
						};
					};
					291EE19A1D907A1700C65055 = {
						CreatedOnToolsVersion = 7.3;
						TestTargetID = 291EE1811D907A1700C65055;
					};
					291EE1A51D907A1700C65055 = {
						CreatedOnToolsVersion = 7.3;
						TestTargetID = 291EE1811D907A1700C65055;
					};
				};
			};
			buildConfigurationList = 291EE17D1D907A1700C65055 /* Build configuration list for PBXProject "Notie" */;
			compatibilityVersion = "Xcode 3.2";
			developmentRegion = English;
			hasScannedForEncodings = 0;
			knownRegions = (
				en,
				Base,
			);
			mainGroup = 291EE1791D907A1700C65055;
			productRefGroup = 291EE1831D907A1700C65055 /* Products */;
			projectDirPath = "";
			projectRoot = "";
			targets = (
				291EE1811D907A1700C65055 /* Notie */,
				291EE19A1D907A1700C65055 /* NotieTests */,
				291EE1A51D907A1700C65055 /* NotieUITests */,
			);
		};
/* End PBXProject section */

/* Begin PBXResourcesBuildPhase section */
		291EE1801D907A1700C65055 /* Resources */ = {
			isa = PBXResourcesBuildPhase;
			buildActionMask = 2147483647;
			files = (
				291EE1951D907A1700C65055 /* LaunchScreen.storyboard in Resources */,
				291EE1921D907A1700C65055 /* Assets.xcassets in Resources */,
				29DAB4BA1D9452E200AE0178 /* MLInputDodger.bundle in Resources */,
				291EE1901D907A1700C65055 /* Main.storyboard in Resources */,
			);
			runOnlyForDeploymentPostprocessing = 0;
		};
		291EE1991D907A1700C65055 /* Resources */ = {
			isa = PBXResourcesBuildPhase;
			buildActionMask = 2147483647;
			files = (
			);
			runOnlyForDeploymentPostprocessing = 0;
		};
		291EE1A41D907A1700C65055 /* Resources */ = {
			isa = PBXResourcesBuildPhase;
			buildActionMask = 2147483647;
			files = (
			);
			runOnlyForDeploymentPostprocessing = 0;
		};
/* End PBXResourcesBuildPhase section */

/* Begin PBXSourcesBuildPhase section */
		291EE17E1D907A1700C65055 /* Sources */ = {
			isa = PBXSourcesBuildPhase;
			buildActionMask = 2147483647;
			files = (
				291EE18D1D907A1700C65055 /* ViewController.m in Sources */,
				29DAB4BC1D9452E200AE0178 /* MLInputDodgerRetractView.m in Sources */,
				29DAB4AE1D94267C00AE0178 /* A0SimpleKeychain+KeyPair.m in Sources */,
				29DAB4A51D94167200AE0178 /* RegisterViewController.m in Sources */,
				29DAB4BD1D9452E200AE0178 /* UIScrollView+MLInputDodger.m in Sources */,
				291EE18A1D907A1700C65055 /* AppDelegate.m in Sources */,
				29DAB4BB1D9452E200AE0178 /* MLInputDodger.m in Sources */,
				291EE1BA1D907B3000C65055 /* DecideViewController.m in Sources */,
				29DAB4AD1D94267C00AE0178 /* A0SimpleKeychain.m in Sources */,
				291EE1871D907A1700C65055 /* main.m in Sources */,
				29DAB4A81D9417B400AE0178 /* InfoViewController.m in Sources */,
				29DAB4BE1D9452E200AE0178 /* UIView+MLInputDodger.m in Sources */,
				29DAB4A21D94166800AE0178 /* LoginViewController.m in Sources */,
			);
			runOnlyForDeploymentPostprocessing = 0;
		};
		291EE1971D907A1700C65055 /* Sources */ = {
			isa = PBXSourcesBuildPhase;
			buildActionMask = 2147483647;
			files = (
				291EE1A01D907A1700C65055 /* NotieTests.m in Sources */,
			);
			runOnlyForDeploymentPostprocessing = 0;
		};
		291EE1A21D907A1700C65055 /* Sources */ = {
			isa = PBXSourcesBuildPhase;
			buildActionMask = 2147483647;
			files = (
				291EE1AB1D907A1700C65055 /* NotieUITests.m in Sources */,
			);
			runOnlyForDeploymentPostprocessing = 0;
		};
/* End PBXSourcesBuildPhase section */

/* Begin PBXTargetDependency section */
		291EE19D1D907A1700C65055 /* PBXTargetDependency */ = {
			isa = PBXTargetDependency;
			target = 291EE1811D907A1700C65055 /* Notie */;
			targetProxy = 291EE19C1D907A1700C65055 /* PBXContainerItemProxy */;
		};
		291EE1A81D907A1700C65055 /* PBXTargetDependency */ = {
			isa = PBXTargetDependency;
			target = 291EE1811D907A1700C65055 /* Notie */;
			targetProxy = 291EE1A71D907A1700C65055 /* PBXContainerItemProxy */;
		};
/* End PBXTargetDependency section */

/* Begin PBXVariantGroup section */
		291EE18E1D907A1700C65055 /* Main.storyboard */ = {
			isa = PBXVariantGroup;
			children = (
				291EE18F1D907A1700C65055 /* Base */,
			);
			name = Main.storyboard;
			sourceTree = "<group>";
		};
		291EE1931D907A1700C65055 /* LaunchScreen.storyboard */ = {
			isa = PBXVariantGroup;
			children = (
				291EE1941D907A1700C65055 /* Base */,
			);
			name = LaunchScreen.storyboard;
			sourceTree = "<group>";
		};
/* End PBXVariantGroup section */

/* Begin XCBuildConfiguration section */
		291EE1AD1D907A1700C65055 /* Debug */ = {
			isa = XCBuildConfiguration;
			buildSettings = {
				ALWAYS_SEARCH_USER_PATHS = NO;
				CLANG_ANALYZER_NONNULL = YES;
				CLANG_CXX_LANGUAGE_STANDARD = "gnu++0x";
				CLANG_CXX_LIBRARY = "libc++";
				CLANG_ENABLE_MODULES = YES;
				CLANG_ENABLE_OBJC_ARC = YES;
				CLANG_WARN_BOOL_CONVERSION = YES;
				CLANG_WARN_CONSTANT_CONVERSION = YES;
				CLANG_WARN_DIRECT_OBJC_ISA_USAGE = YES_ERROR;
				CLANG_WARN_EMPTY_BODY = YES;
				CLANG_WARN_ENUM_CONVERSION = YES;
				CLANG_WARN_INT_CONVERSION = YES;
				CLANG_WARN_OBJC_ROOT_CLASS = YES_ERROR;
				CLANG_WARN_UNREACHABLE_CODE = YES;
				CLANG_WARN__DUPLICATE_METHOD_MATCH = YES;
				"CODE_SIGN_IDENTITY[sdk=iphoneos*]" = "iPhone Developer";
				COPY_PHASE_STRIP = NO;
				DEBUG_INFORMATION_FORMAT = dwarf;
				ENABLE_STRICT_OBJC_MSGSEND = YES;
				ENABLE_TESTABILITY = YES;
				GCC_C_LANGUAGE_STANDARD = gnu99;
				GCC_DYNAMIC_NO_PIC = NO;
				GCC_NO_COMMON_BLOCKS = YES;
				GCC_OPTIMIZATION_LEVEL = 0;
				GCC_PREPROCESSOR_DEFINITIONS = (
					"DEBUG=1",
					"$(inherited)",
				);
				GCC_WARN_64_TO_32_BIT_CONVERSION = YES;
				GCC_WARN_ABOUT_RETURN_TYPE = YES_ERROR;
				GCC_WARN_UNDECLARED_SELECTOR = YES;
				GCC_WARN_UNINITIALIZED_AUTOS = YES_AGGRESSIVE;
				GCC_WARN_UNUSED_FUNCTION = YES;
				GCC_WARN_UNUSED_VARIABLE = YES;
				IPHONEOS_DEPLOYMENT_TARGET = 9.3;
				MTL_ENABLE_DEBUG_INFO = YES;
				ONLY_ACTIVE_ARCH = YES;
				SDKROOT = iphoneos;
			};
			name = Debug;
		};
		291EE1AE1D907A1700C65055 /* Release */ = {
			isa = XCBuildConfiguration;
			buildSettings = {
				ALWAYS_SEARCH_USER_PATHS = NO;
				CLANG_ANALYZER_NONNULL = YES;
				CLANG_CXX_LANGUAGE_STANDARD = "gnu++0x";
				CLANG_CXX_LIBRARY = "libc++";
				CLANG_ENABLE_MODULES = YES;
				CLANG_ENABLE_OBJC_ARC = YES;
				CLANG_WARN_BOOL_CONVERSION = YES;
				CLANG_WARN_CONSTANT_CONVERSION = YES;
				CLANG_WARN_DIRECT_OBJC_ISA_USAGE = YES_ERROR;
				CLANG_WARN_EMPTY_BODY = YES;
				CLANG_WARN_ENUM_CONVERSION = YES;
				CLANG_WARN_INT_CONVERSION = YES;
				CLANG_WARN_OBJC_ROOT_CLASS = YES_ERROR;
				CLANG_WARN_UNREACHABLE_CODE = YES;
				CLANG_WARN__DUPLICATE_METHOD_MATCH = YES;
				"CODE_SIGN_IDENTITY[sdk=iphoneos*]" = "iPhone Developer";
				COPY_PHASE_STRIP = NO;
				DEBUG_INFORMATION_FORMAT = "dwarf-with-dsym";
				ENABLE_NS_ASSERTIONS = NO;
				ENABLE_STRICT_OBJC_MSGSEND = YES;
				GCC_C_LANGUAGE_STANDARD = gnu99;
				GCC_NO_COMMON_BLOCKS = YES;
				GCC_WARN_64_TO_32_BIT_CONVERSION = YES;
				GCC_WARN_ABOUT_RETURN_TYPE = YES_ERROR;
				GCC_WARN_UNDECLARED_SELECTOR = YES;
				GCC_WARN_UNINITIALIZED_AUTOS = YES_AGGRESSIVE;
				GCC_WARN_UNUSED_FUNCTION = YES;
				GCC_WARN_UNUSED_VARIABLE = YES;
				IPHONEOS_DEPLOYMENT_TARGET = 9.3;
				MTL_ENABLE_DEBUG_INFO = NO;
				SDKROOT = iphoneos;
				VALIDATE_PRODUCT = YES;
			};
			name = Release;
		};
		291EE1B01D907A1700C65055 /* Debug */ = {
			isa = XCBuildConfiguration;
			buildSettings = {
				ASSETCATALOG_COMPILER_APPICON_NAME = AppIcon;
				CODE_SIGN_ENTITLEMENTS = Notie/Notie.entitlements;
				DEVELOPMENT_TEAM = R32459M72F;
				INFOPLIST_FILE = Notie/Info.plist;
				LD_RUNPATH_SEARCH_PATHS = "$(inherited) @executable_path/Frameworks";
				PRODUCT_BUNDLE_IDENTIFIER = net.emersad.Notie;
				PRODUCT_NAME = "$(TARGET_NAME)";
			};
			name = Debug;
		};
		291EE1B11D907A1700C65055 /* Release */ = {
			isa = XCBuildConfiguration;
			buildSettings = {
				ASSETCATALOG_COMPILER_APPICON_NAME = AppIcon;
				CODE_SIGN_ENTITLEMENTS = Notie/Notie.entitlements;
				DEVELOPMENT_TEAM = R32459M72F;
				INFOPLIST_FILE = Notie/Info.plist;
				LD_RUNPATH_SEARCH_PATHS = "$(inherited) @executable_path/Frameworks";
				PRODUCT_BUNDLE_IDENTIFIER = net.emersad.Notie;
				PRODUCT_NAME = "$(TARGET_NAME)";
			};
			name = Release;
		};
		291EE1B31D907A1700C65055 /* Debug */ = {
			isa = XCBuildConfiguration;
			buildSettings = {
				BUNDLE_LOADER = "$(TEST_HOST)";
				INFOPLIST_FILE = NotieTests/Info.plist;
				LD_RUNPATH_SEARCH_PATHS = "$(inherited) @executable_path/Frameworks @loader_path/Frameworks";
				PRODUCT_BUNDLE_IDENTIFIER = net.emersad.NotieTests;
				PRODUCT_NAME = "$(TARGET_NAME)";
				TEST_HOST = "$(BUILT_PRODUCTS_DIR)/Notie.app/Notie";
			};
			name = Debug;
		};
		291EE1B41D907A1700C65055 /* Release */ = {
			isa = XCBuildConfiguration;
			buildSettings = {
				BUNDLE_LOADER = "$(TEST_HOST)";
				INFOPLIST_FILE = NotieTests/Info.plist;
				LD_RUNPATH_SEARCH_PATHS = "$(inherited) @executable_path/Frameworks @loader_path/Frameworks";
				PRODUCT_BUNDLE_IDENTIFIER = net.emersad.NotieTests;
				PRODUCT_NAME = "$(TARGET_NAME)";
				TEST_HOST = "$(BUILT_PRODUCTS_DIR)/Notie.app/Notie";
			};
			name = Release;
		};
		291EE1B61D907A1700C65055 /* Debug */ = {
			isa = XCBuildConfiguration;
			buildSettings = {
				INFOPLIST_FILE = NotieUITests/Info.plist;
				LD_RUNPATH_SEARCH_PATHS = "$(inherited) @executable_path/Frameworks @loader_path/Frameworks";
				PRODUCT_BUNDLE_IDENTIFIER = net.emersad.NotieUITests;
				PRODUCT_NAME = "$(TARGET_NAME)";
				TEST_TARGET_NAME = Notie;
			};
			name = Debug;
		};
		291EE1B71D907A1700C65055 /* Release */ = {
			isa = XCBuildConfiguration;
			buildSettings = {
				INFOPLIST_FILE = NotieUITests/Info.plist;
				LD_RUNPATH_SEARCH_PATHS = "$(inherited) @executable_path/Frameworks @loader_path/Frameworks";
				PRODUCT_BUNDLE_IDENTIFIER = net.emersad.NotieUITests;
				PRODUCT_NAME = "$(TARGET_NAME)";
				TEST_TARGET_NAME = Notie;
			};
			name = Release;
		};
/* End XCBuildConfiguration section */

/* Begin XCConfigurationList section */
		291EE17D1D907A1700C65055 /* Build configuration list for PBXProject "Notie" */ = {
			isa = XCConfigurationList;
			buildConfigurations = (
				291EE1AD1D907A1700C65055 /* Debug */,
				291EE1AE1D907A1700C65055 /* Release */,
			);
			defaultConfigurationIsVisible = 0;
			defaultConfigurationName = Release;
		};
		291EE1AF1D907A1700C65055 /* Build configuration list for PBXNativeTarget "Notie" */ = {
			isa = XCConfigurationList;
			buildConfigurations = (
				291EE1B01D907A1700C65055 /* Debug */,
				291EE1B11D907A1700C65055 /* Release */,
			);
			defaultConfigurationIsVisible = 0;
			defaultConfigurationName = Release;
		};
		291EE1B21D907A1700C65055 /* Build configuration list for PBXNativeTarget "NotieTests" */ = {
			isa = XCConfigurationList;
			buildConfigurations = (
				291EE1B31D907A1700C65055 /* Debug */,
				291EE1B41D907A1700C65055 /* Release */,
			);
			defaultConfigurationIsVisible = 0;
			defaultConfigurationName = Release;
		};
		291EE1B51D907A1700C65055 /* Build configuration list for PBXNativeTarget "NotieUITests" */ = {
			isa = XCConfigurationList;
			buildConfigurations = (
				291EE1B61D907A1700C65055 /* Debug */,
				291EE1B71D907A1700C65055 /* Release */,
			);
			defaultConfigurationIsVisible = 0;
			defaultConfigurationName = Release;
		};
/* End XCConfigurationList section */
	};
	rootObject = 291EE17A1D907A1700C65055 /* Project object */;
}
